
Microsoft Visual Studio Solution File, Format Version 12.00
# Visual Studio Version 16
VisualStudioVersion = 16.0.29201.188
MinimumVisualStudioVersion = 10.0.40219.1
Project("{FAE04EC0-301F-11D3-BF4B-00C04F79EFBC}") = "ProfileDetection", "ProfileDetection.csproj", "{4345A45E-5551-48AC-8493-2B0239CBF179}"
EndProject
Global
	GlobalSection(SolutionConfigurationPlatforms) = preSolution
		Debug|Any CPU = Debug|Any CPU
		Release|Any CPU = Release|Any CPU
	EndGlobalSection
	GlobalSection(ProjectConfigurationPlatforms) = postSolution
		{4345A45E-5551-48AC-8493-2B0239CBF179}.Debug|Any CPU.ActiveCfg = Debug|Any CPU
		{4345A45E-5551-48AC-8493-2B0239CBF179}.Debug|Any CPU.Build.0 = Debug|Any CPU
		{4345A45E-5551-48AC-8493-2B0239CBF179}.Release|Any CPU.ActiveCfg = Release|Any CPU
		{4345A45E-5551-48AC-8493-2B0239CBF179}.Release|Any CPU.Build.0 = Release|Any CPU
	EndGlobalSection
	GlobalSection(SolutionProperties) = preSolution
		HideSolutionNode = FALSE
	EndGlobalSection
	GlobalSection(ExtensibilityGlobals) = postSolution
		SolutionGuid = {7C9074FD-7300-4B9B-858E-F456F06538EA}
	EndGlobalSection
EndGlobal
